
Microsoft Visual Studio Solution File, Format Version 12.00
# Visual Studio 15
VisualStudioVersion = 15.0.26228.4
MinimumVisualStudioVersion = 10.0.40219.1
Project("{FAE04EC0-301F-11D3-BF4B-00C04F79EFBC}") = "Class00_MainContent", "Class00_MainContent\Class00_MainContent.csproj", "{0B4EAC6E-A19B-478E-B647-473ECC9AF5D0}"
EndProject
Project("{FAE04EC0-301F-11D3-BF4B-00C04F79EFBC}") = "Class02-DataType", "Class02-DataType\Class02-DataType.csproj", "{1BD34DDE-879D-4BB0-8557-C7A8027D8F2E}"
EndProject
Project("{FAE04EC0-301F-11D3-BF4B-00C04F79EFBC}") = "Class03-OperatorAndBranches", "Class03-OperatorAndBranches\Class03-OperatorAndBranches.csproj", "{7E540933-03BD-4912-98A0-6DDF869394DF}"
EndProject
Project("{FAE04EC0-301F-11D3-BF4B-00C04F79EFBC}") = "Class04-ArrayAndLoop", "Class04-ArrayAndLoop\Class04-ArrayAndLoop.csproj", "{78C367E5-5741-443B-A221-10393CD61127}"
EndProject
Global
	GlobalSection(SolutionConfigurationPlatforms) = preSolution
		Debug|Any CPU = Debug|Any CPU
		Release|Any CPU = Release|Any CPU
	EndGlobalSection
	GlobalSection(ProjectConfigurationPlatforms) = postSolution
		{0B4EAC6E-A19B-478E-B647-473ECC9AF5D0}.Debug|Any CPU.ActiveCfg = Debug|Any CPU
		{0B4EAC6E-A19B-478E-B647-473ECC9AF5D0}.Debug|Any CPU.Build.0 = Debug|Any CPU
		{0B4EAC6E-A19B-478E-B647-473ECC9AF5D0}.Release|Any CPU.ActiveCfg = Release|Any CPU
		{0B4EAC6E-A19B-478E-B647-473ECC9AF5D0}.Release|Any CPU.Build.0 = Release|Any CPU
		{1BD34DDE-879D-4BB0-8557-C7A8027D8F2E}.Debug|Any CPU.ActiveCfg = Debug|Any CPU
		{1BD34DDE-879D-4BB0-8557-C7A8027D8F2E}.Debug|Any CPU.Build.0 = Debug|Any CPU
		{1BD34DDE-879D-4BB0-8557-C7A8027D8F2E}.Release|Any CPU.ActiveCfg = Release|Any CPU
		{1BD34DDE-879D-4BB0-8557-C7A8027D8F2E}.Release|Any CPU.Build.0 = Release|Any CPU
		{7E540933-03BD-4912-98A0-6DDF869394DF}.Debug|Any CPU.ActiveCfg = Debug|Any CPU
		{7E540933-03BD-4912-98A0-6DDF869394DF}.Debug|Any CPU.Build.0 = Debug|Any CPU
		{7E540933-03BD-4912-98A0-6DDF869394DF}.Release|Any CPU.ActiveCfg = Release|Any CPU
		{7E540933-03BD-4912-98A0-6DDF869394DF}.Release|Any CPU.Build.0 = Release|Any CPU
		{78C367E5-5741-443B-A221-10393CD61127}.Debug|Any CPU.ActiveCfg = Debug|Any CPU
		{78C367E5-5741-443B-A221-10393CD61127}.Debug|Any CPU.Build.0 = Debug|Any CPU
		{78C367E5-5741-443B-A221-10393CD61127}.Release|Any CPU.ActiveCfg = Release|Any CPU
		{78C367E5-5741-443B-A221-10393CD61127}.Release|Any CPU.Build.0 = Release|Any CPU
	EndGlobalSection
	GlobalSection(SolutionProperties) = preSolution
		HideSolutionNode = FALSE
	EndGlobalSection
	GlobalSection(ExtensibilityGlobals) = postSolution
		SolutionGuid = {9A51BDD7-50C1-4206-9753-B7357CEB1157}
	EndGlobalSection
EndGlobal
